// !$*UTF8*$!
{
	archiveVersion = 1;
	classes = {
	};
	objectVersion = 46;
	objects = {

/* Begin PBXAggregateTarget section */
		C13892EA173C45C500467005 /* FeedMedia-universal */ = {
			isa = PBXAggregateTarget;
			buildConfigurationList = C13892EB173C45C500467005 /* Build configuration list for PBXAggregateTarget "FeedMedia-universal" */;
			buildPhases = (
				C13892EE173C45DA00467005 /* ShellScript */,
			);
			dependencies = (
			);
			name = "FeedMedia-universal";
			productName = FeedMedia;
		};
/* End PBXAggregateTarget section */

/* Begin PBXBuildFile section */
		C108F23D1714B9EC0096DF46 /* FMProgressView.m in Sources */ = {isa = PBXBuildFile; fileRef = C108F23C1714B9EC0096DF46 /* FMProgressView.m */; };
		C108F2401714BFC50096DF46 /* nexttrack.png in Resources */ = {isa = PBXBuildFile; fileRef = C108F23F1714BFC50096DF46 /* nexttrack.png */; };
		C108F2461714BFD30096DF46 /* nexttrack@2x.png in Resources */ = {isa = PBXBuildFile; fileRef = C108F2411714BFD20096DF46 /* nexttrack@2x.png */; };
		C108F2471714BFD30096DF46 /* pause.png in Resources */ = {isa = PBXBuildFile; fileRef = C108F2421714BFD20096DF46 /* pause.png */; };
		C108F2481714BFD30096DF46 /* pause@2x.png in Resources */ = {isa = PBXBuildFile; fileRef = C108F2431714BFD20096DF46 /* pause@2x.png */; };
		C108F2491714BFD30096DF46 /* play.png in Resources */ = {isa = PBXBuildFile; fileRef = C108F2441714BFD20096DF46 /* play.png */; };
		C108F24A1714BFD30096DF46 /* play@2x.png in Resources */ = {isa = PBXBuildFile; fileRef = C108F2451714BFD20096DF46 /* play@2x.png */; };
		C108F24C1714C5730096DF46 /* QuartzCore.framework in Frameworks */ = {isa = PBXBuildFile; fileRef = C108F24B1714C5730096DF46 /* QuartzCore.framework */; };
		C1319B091727532400059BB6 /* FMMetadataView.m in Sources */ = {isa = PBXBuildFile; fileRef = C1319B081727532400059BB6 /* FMMetadataView.m */; };
		C138928E173C42E600467005 /* Foundation.framework in Frameworks */ = {isa = PBXBuildFile; fileRef = C1A4297A16E967EB001BD576 /* Foundation.framework */; };
		C1389299173C432C00467005 /* FMAPIRequest.m in Sources */ = {isa = PBXBuildFile; fileRef = C1B095C61731A42A0075EA5E /* FMAPIRequest.m */; };
		C138929A173C432F00467005 /* FMAsset.m in Sources */ = {isa = PBXBuildFile; fileRef = C1B095C81731A42A0075EA5E /* FMAsset.m */; };
		C138929B173C433100467005 /* FMAudioItem.m in Sources */ = {isa = PBXBuildFile; fileRef = C1B095C91731A42A0075EA5E /* FMAudioItem.m */; };
		C138929C173C433300467005 /* FMAudioPlayer.m in Sources */ = {isa = PBXBuildFile; fileRef = C1B095CA1731A42A0075EA5E /* FMAudioPlayer.m */; };
		C138929D173C433E00467005 /* FMBase64.m in Sources */ = {isa = PBXBuildFile; fileRef = C1B095CC1731A42A0075EA5E /* FMBase64.m */; };
		C138929E173C434100467005 /* FMAuth.m in Sources */ = {isa = PBXBuildFile; fileRef = C1B095CE1731A42A0075EA5E /* FMAuth.m */; };
		C138929F173C434300467005 /* FMBandwidthMonitor.m in Sources */ = {isa = PBXBuildFile; fileRef = C1B095D01731A42A0075EA5E /* FMBandwidthMonitor.m */; };
		C13892A0173C434500467005 /* FMError.m in Sources */ = {isa = PBXBuildFile; fileRef = C1B095D11731A42A0075EA5E /* FMError.m */; };
		C13892A1173C434700467005 /* FMLog.m in Sources */ = {isa = PBXBuildFile; fileRef = C1B095D21731A42A0075EA5E /* FMLog.m */; };
		C13892A2173C434900467005 /* FMReachability.m in Sources */ = {isa = PBXBuildFile; fileRef = C1B095D41731A42A0075EA5E /* FMReachability.m */; };
		C13892A3173C434B00467005 /* FMSession.m in Sources */ = {isa = PBXBuildFile; fileRef = C1B095D51731A42A0075EA5E /* FMSession.m */; };
		C13892A4173C434E00467005 /* FMStation.m in Sources */ = {isa = PBXBuildFile; fileRef = C1B095D61731A42A0075EA5E /* FMStation.m */; };
		C13892A6173C43A100467005 /* FMAudioItem.h in Headers */ = {isa = PBXBuildFile; fileRef = C1B095BE1731A42A0075EA5E /* FMAudioItem.h */; settings = {ATTRIBUTES = (Public, ); }; };
		C13892A7173C43A300467005 /* FMAudioPlayer.h in Headers */ = {isa = PBXBuildFile; fileRef = C1B095BF1731A42A0075EA5E /* FMAudioPlayer.h */; settings = {ATTRIBUTES = (Public, ); }; };
		C13892A8173C43A500467005 /* FMError.h in Headers */ = {isa = PBXBuildFile; fileRef = C1B095C01731A42A0075EA5E /* FMError.h */; settings = {ATTRIBUTES = (Public, ); }; };
		C13892A9173C43AA00467005 /* FMLog.h in Headers */ = {isa = PBXBuildFile; fileRef = C1B095C11731A42A0075EA5E /* FMLog.h */; settings = {ATTRIBUTES = (Public, ); }; };
		C13892AB173C43AF00467005 /* FMStation.h in Headers */ = {isa = PBXBuildFile; fileRef = C1B095C31731A42A0075EA5E /* FMStation.h */; settings = {ATTRIBUTES = (Public, ); }; };
		C13892B2173C43EF00467005 /* SystemConfiguration.framework in Frameworks */ = {isa = PBXBuildFile; fileRef = C1B28BA9172B30BD00358AB0 /* SystemConfiguration.framework */; };
		C13892B3173C43FA00467005 /* CoreMedia.framework in Frameworks */ = {isa = PBXBuildFile; fileRef = C1937AB317010D4B00FED375 /* CoreMedia.framework */; };
		C13892B4173C43FF00467005 /* AVFoundation.framework in Frameworks */ = {isa = PBXBuildFile; fileRef = C1937AB117010D2000FED375 /* AVFoundation.framework */; };
		C1937AB217010D2000FED375 /* AVFoundation.framework in Frameworks */ = {isa = PBXBuildFile; fileRef = C1937AB117010D2000FED375 /* AVFoundation.framework */; };
		C1937AB417010D4C00FED375 /* CoreMedia.framework in Frameworks */ = {isa = PBXBuildFile; fileRef = C1937AB317010D4B00FED375 /* CoreMedia.framework */; };
		C1A4297916E967EB001BD576 /* UIKit.framework in Frameworks */ = {isa = PBXBuildFile; fileRef = C1A4297816E967EB001BD576 /* UIKit.framework */; };
		C1A4297B16E967EB001BD576 /* Foundation.framework in Frameworks */ = {isa = PBXBuildFile; fileRef = C1A4297A16E967EB001BD576 /* Foundation.framework */; };
		C1A4297D16E967EB001BD576 /* CoreGraphics.framework in Frameworks */ = {isa = PBXBuildFile; fileRef = C1A4297C16E967EB001BD576 /* CoreGraphics.framework */; };
		C1A4298316E967EB001BD576 /* InfoPlist.strings in Resources */ = {isa = PBXBuildFile; fileRef = C1A4298116E967EB001BD576 /* InfoPlist.strings */; };
		C1A4298516E967EB001BD576 /* main.m in Sources */ = {isa = PBXBuildFile; fileRef = C1A4298416E967EB001BD576 /* main.m */; };
		C1A4298916E967EB001BD576 /* FMAppDelegate.m in Sources */ = {isa = PBXBuildFile; fileRef = C1A4298816E967EB001BD576 /* FMAppDelegate.m */; };
		C1A4298B16E967EB001BD576 /* Default.png in Resources */ = {isa = PBXBuildFile; fileRef = C1A4298A16E967EB001BD576 /* Default.png */; };
		C1A4298D16E967EC001BD576 /* Default@2x.png in Resources */ = {isa = PBXBuildFile; fileRef = C1A4298C16E967EC001BD576 /* Default@2x.png */; };
		C1A4298F16E967EC001BD576 /* Default-568h@2x.png in Resources */ = {isa = PBXBuildFile; fileRef = C1A4298E16E967EC001BD576 /* Default-568h@2x.png */; };
		C1A4299216E967EC001BD576 /* FMViewController.m in Sources */ = {isa = PBXBuildFile; fileRef = C1A4299116E967EC001BD576 /* FMViewController.m */; };
		C1A4299516E967EC001BD576 /* FMViewController.xib in Resources */ = {isa = PBXBuildFile; fileRef = C1A4299316E967EC001BD576 /* FMViewController.xib */; };
		C1B095D71731A42A0075EA5E /* FMAPIRequest.m in Sources */ = {isa = PBXBuildFile; fileRef = C1B095C61731A42A0075EA5E /* FMAPIRequest.m */; };
		C1B095D81731A42A0075EA5E /* FMAsset.m in Sources */ = {isa = PBXBuildFile; fileRef = C1B095C81731A42A0075EA5E /* FMAsset.m */; };
		C1B095D91731A42A0075EA5E /* FMAudioItem.m in Sources */ = {isa = PBXBuildFile; fileRef = C1B095C91731A42A0075EA5E /* FMAudioItem.m */; };
		C1B095DA1731A42A0075EA5E /* FMAudioPlayer.m in Sources */ = {isa = PBXBuildFile; fileRef = C1B095CA1731A42A0075EA5E /* FMAudioPlayer.m */; };
		C1B095DB1731A42A0075EA5E /* FMBase64.m in Sources */ = {isa = PBXBuildFile; fileRef = C1B095CC1731A42A0075EA5E /* FMBase64.m */; };
		C1B095DC1731A42A0075EA5E /* FMAuth.m in Sources */ = {isa = PBXBuildFile; fileRef = C1B095CE1731A42A0075EA5E /* FMAuth.m */; };
		C1B095DD1731A42A0075EA5E /* FMBandwidthMonitor.m in Sources */ = {isa = PBXBuildFile; fileRef = C1B095D01731A42A0075EA5E /* FMBandwidthMonitor.m */; };
		C1B095DE1731A42A0075EA5E /* FMError.m in Sources */ = {isa = PBXBuildFile; fileRef = C1B095D11731A42A0075EA5E /* FMError.m */; };
		C1B095DF1731A42A0075EA5E /* FMLog.m in Sources */ = {isa = PBXBuildFile; fileRef = C1B095D21731A42A0075EA5E /* FMLog.m */; };
		C1B095E01731A42A0075EA5E /* FMReachability.m in Sources */ = {isa = PBXBuildFile; fileRef = C1B095D41731A42A0075EA5E /* FMReachability.m */; };
		C1B095E11731A42A0075EA5E /* FMSession.m in Sources */ = {isa = PBXBuildFile; fileRef = C1B095D51731A42A0075EA5E /* FMSession.m */; };
		C1B095E21731A42A0075EA5E /* FMStation.m in Sources */ = {isa = PBXBuildFile; fileRef = C1B095D61731A42A0075EA5E /* FMStation.m */; };
		C1B11589170A273500DA8041 /* FMStationPickerViewController.m in Sources */ = {isa = PBXBuildFile; fileRef = C1B11588170A273500DA8041 /* FMStationPickerViewController.m */; };
		C1B28BAA172B30BD00358AB0 /* SystemConfiguration.framework in Frameworks */ = {isa = PBXBuildFile; fileRef = C1B28BA9172B30BD00358AB0 /* SystemConfiguration.framework */; };
/* End PBXBuildFile section */

/* Begin PBXCopyFilesBuildPhase section */
		C138928B173C42E600467005 /* CopyFiles */ = {
			isa = PBXCopyFilesBuildPhase;
			buildActionMask = 2147483647;
			dstPath = "include/${PRODUCT_NAME}";
			dstSubfolderSpec = 16;
			files = (
			);
			runOnlyForDeploymentPostprocessing = 0;
		};
/* End PBXCopyFilesBuildPhase section */

/* Begin PBXFileReference section */
		C108F23B1714B9EC0096DF46 /* FMProgressView.h */ = {isa = PBXFileReference; fileEncoding = 4; lastKnownFileType = sourcecode.c.h; path = FMProgressView.h; sourceTree = "<group>"; };
		C108F23C1714B9EC0096DF46 /* FMProgressView.m */ = {isa = PBXFileReference; fileEncoding = 4; lastKnownFileType = sourcecode.c.objc; path = FMProgressView.m; sourceTree = "<group>"; };
		C108F23F1714BFC50096DF46 /* nexttrack.png */ = {isa = PBXFileReference; lastKnownFileType = image.png; path = nexttrack.png; sourceTree = "<group>"; };
		C108F2411714BFD20096DF46 /* nexttrack@2x.png */ = {isa = PBXFileReference; lastKnownFileType = image.png; path = "nexttrack@2x.png"; sourceTree = "<group>"; };
		C108F2421714BFD20096DF46 /* pause.png */ = {isa = PBXFileReference; lastKnownFileType = image.png; path = pause.png; sourceTree = "<group>"; };
		C108F2431714BFD20096DF46 /* pause@2x.png */ = {isa = PBXFileReference; lastKnownFileType = image.png; path = "pause@2x.png"; sourceTree = "<group>"; };
		C108F2441714BFD20096DF46 /* play.png */ = {isa = PBXFileReference; lastKnownFileType = image.png; path = play.png; sourceTree = "<group>"; };
		C108F2451714BFD20096DF46 /* play@2x.png */ = {isa = PBXFileReference; lastKnownFileType = image.png; path = "play@2x.png"; sourceTree = "<group>"; };
		C108F24B1714C5730096DF46 /* QuartzCore.framework */ = {isa = PBXFileReference; lastKnownFileType = wrapper.framework; name = QuartzCore.framework; path = System/Library/Frameworks/QuartzCore.framework; sourceTree = SDKROOT; };
		C1319B071727532400059BB6 /* FMMetadataView.h */ = {isa = PBXFileReference; fileEncoding = 4; lastKnownFileType = sourcecode.c.h; path = FMMetadataView.h; sourceTree = "<group>"; };
		C1319B081727532400059BB6 /* FMMetadataView.m */ = {isa = PBXFileReference; fileEncoding = 4; lastKnownFileType = sourcecode.c.objc; path = FMMetadataView.m; sourceTree = "<group>"; };
		C138928D173C42E600467005 /* libFeedMedia.a */ = {isa = PBXFileReference; explicitFileType = archive.ar; includeInIndex = 0; path = libFeedMedia.a; sourceTree = BUILT_PRODUCTS_DIR; };
		C1937AB117010D2000FED375 /* AVFoundation.framework */ = {isa = PBXFileReference; lastKnownFileType = wrapper.framework; name = AVFoundation.framework; path = System/Library/Frameworks/AVFoundation.framework; sourceTree = SDKROOT; };
		C1937AB317010D4B00FED375 /* CoreMedia.framework */ = {isa = PBXFileReference; lastKnownFileType = wrapper.framework; name = CoreMedia.framework; path = System/Library/Frameworks/CoreMedia.framework; sourceTree = SDKROOT; };
		C1A4297516E967EB001BD576 /* sdktest.app */ = {isa = PBXFileReference; explicitFileType = wrapper.application; includeInIndex = 0; path = sdktest.app; sourceTree = BUILT_PRODUCTS_DIR; };
		C1A4297816E967EB001BD576 /* UIKit.framework */ = {isa = PBXFileReference; lastKnownFileType = wrapper.framework; name = UIKit.framework; path = System/Library/Frameworks/UIKit.framework; sourceTree = SDKROOT; };
		C1A4297A16E967EB001BD576 /* Foundation.framework */ = {isa = PBXFileReference; lastKnownFileType = wrapper.framework; name = Foundation.framework; path = System/Library/Frameworks/Foundation.framework; sourceTree = SDKROOT; };
		C1A4297C16E967EB001BD576 /* CoreGraphics.framework */ = {isa = PBXFileReference; lastKnownFileType = wrapper.framework; name = CoreGraphics.framework; path = System/Library/Frameworks/CoreGraphics.framework; sourceTree = SDKROOT; };
		C1A4298016E967EB001BD576 /* sdktest-Info.plist */ = {isa = PBXFileReference; lastKnownFileType = text.plist.xml; path = "sdktest-Info.plist"; sourceTree = "<group>"; };
		C1A4298216E967EB001BD576 /* en */ = {isa = PBXFileReference; lastKnownFileType = text.plist.strings; name = en; path = en.lproj/InfoPlist.strings; sourceTree = "<group>"; };
		C1A4298416E967EB001BD576 /* main.m */ = {isa = PBXFileReference; lastKnownFileType = sourcecode.c.objc; path = main.m; sourceTree = "<group>"; };
		C1A4298616E967EB001BD576 /* sdktest-Prefix.pch */ = {isa = PBXFileReference; lastKnownFileType = sourcecode.c.h; path = "sdktest-Prefix.pch"; sourceTree = "<group>"; };
		C1A4298716E967EB001BD576 /* FMAppDelegate.h */ = {isa = PBXFileReference; lastKnownFileType = sourcecode.c.h; path = FMAppDelegate.h; sourceTree = "<group>"; };
		C1A4298816E967EB001BD576 /* FMAppDelegate.m */ = {isa = PBXFileReference; lastKnownFileType = sourcecode.c.objc; path = FMAppDelegate.m; sourceTree = "<group>"; };
		C1A4298A16E967EB001BD576 /* Default.png */ = {isa = PBXFileReference; lastKnownFileType = image.png; path = Default.png; sourceTree = "<group>"; };
		C1A4298C16E967EC001BD576 /* Default@2x.png */ = {isa = PBXFileReference; lastKnownFileType = image.png; path = "Default@2x.png"; sourceTree = "<group>"; };
		C1A4298E16E967EC001BD576 /* Default-568h@2x.png */ = {isa = PBXFileReference; lastKnownFileType = image.png; path = "Default-568h@2x.png"; sourceTree = "<group>"; };
		C1A4299016E967EC001BD576 /* FMViewController.h */ = {isa = PBXFileReference; lastKnownFileType = sourcecode.c.h; path = FMViewController.h; sourceTree = "<group>"; };
		C1A4299116E967EC001BD576 /* FMViewController.m */ = {isa = PBXFileReference; lastKnownFileType = sourcecode.c.objc; path = FMViewController.m; sourceTree = "<group>"; };
		C1A4299416E967EC001BD576 /* en */ = {isa = PBXFileReference; lastKnownFileType = file.xib; name = en; path = en.lproj/FMViewController.xib; sourceTree = "<group>"; };
		C1B095BE1731A42A0075EA5E /* FMAudioItem.h */ = {isa = PBXFileReference; fileEncoding = 4; lastKnownFileType = sourcecode.c.h; path = FMAudioItem.h; sourceTree = "<group>"; };
		C1B095BF1731A42A0075EA5E /* FMAudioPlayer.h */ = {isa = PBXFileReference; fileEncoding = 4; lastKnownFileType = sourcecode.c.h; path = FMAudioPlayer.h; sourceTree = "<group>"; };
		C1B095C01731A42A0075EA5E /* FMError.h */ = {isa = PBXFileReference; fileEncoding = 4; lastKnownFileType = sourcecode.c.h; path = FMError.h; sourceTree = "<group>"; };
		C1B095C11731A42A0075EA5E /* FMLog.h */ = {isa = PBXFileReference; fileEncoding = 4; lastKnownFileType = sourcecode.c.h; path = FMLog.h; sourceTree = "<group>"; };
		C1B095C21731A42A0075EA5E /* FMSession.h */ = {isa = PBXFileReference; fileEncoding = 4; lastKnownFileType = sourcecode.c.h; name = FMSession.h; path = ../FMSession.h; sourceTree = "<group>"; };
		C1B095C31731A42A0075EA5E /* FMStation.h */ = {isa = PBXFileReference; fileEncoding = 4; lastKnownFileType = sourcecode.c.h; path = FMStation.h; sourceTree = "<group>"; };
		C1B095C51731A42A0075EA5E /* FMAPIRequest.h */ = {isa = PBXFileReference; fileEncoding = 4; lastKnownFileType = sourcecode.c.h; path = FMAPIRequest.h; sourceTree = "<group>"; };
		C1B095C61731A42A0075EA5E /* FMAPIRequest.m */ = {isa = PBXFileReference; fileEncoding = 4; lastKnownFileType = sourcecode.c.objc; path = FMAPIRequest.m; sourceTree = "<group>"; };
		C1B095C71731A42A0075EA5E /* FMAsset.h */ = {isa = PBXFileReference; fileEncoding = 4; lastKnownFileType = sourcecode.c.h; path = FMAsset.h; sourceTree = "<group>"; };
		C1B095C81731A42A0075EA5E /* FMAsset.m */ = {isa = PBXFileReference; fileEncoding = 4; lastKnownFileType = sourcecode.c.objc; path = FMAsset.m; sourceTree = "<group>"; };
		C1B095C91731A42A0075EA5E /* FMAudioItem.m */ = {isa = PBXFileReference; fileEncoding = 4; lastKnownFileType = sourcecode.c.objc; path = FMAudioItem.m; sourceTree = "<group>"; };
		C1B095CA1731A42A0075EA5E /* FMAudioPlayer.m */ = {isa = PBXFileReference; fileEncoding = 4; lastKnownFileType = sourcecode.c.objc; path = FMAudioPlayer.m; sourceTree = "<group>"; };
		C1B095CB1731A42A0075EA5E /* FMBase64.h */ = {isa = PBXFileReference; fileEncoding = 4; lastKnownFileType = sourcecode.c.h; path = FMBase64.h; sourceTree = "<group>"; };
		C1B095CC1731A42A0075EA5E /* FMBase64.m */ = {isa = PBXFileReference; fileEncoding = 4; lastKnownFileType = sourcecode.c.objc; path = FMBase64.m; sourceTree = "<group>"; };
		C1B095CD1731A42A0075EA5E /* FMAuth.h */ = {isa = PBXFileReference; fileEncoding = 4; lastKnownFileType = sourcecode.c.h; path = FMAuth.h; sourceTree = "<group>"; };
		C1B095CE1731A42A0075EA5E /* FMAuth.m */ = {isa = PBXFileReference; fileEncoding = 4; lastKnownFileType = sourcecode.c.objc; path = FMAuth.m; sourceTree = "<group>"; };
		C1B095CF1731A42A0075EA5E /* FMBandwidthMonitor.h */ = {isa = PBXFileReference; fileEncoding = 4; lastKnownFileType = sourcecode.c.h; path = FMBandwidthMonitor.h; sourceTree = "<group>"; };
		C1B095D01731A42A0075EA5E /* FMBandwidthMonitor.m */ = {isa = PBXFileReference; fileEncoding = 4; lastKnownFileType = sourcecode.c.objc; path = FMBandwidthMonitor.m; sourceTree = "<group>"; };
		C1B095D11731A42A0075EA5E /* FMError.m */ = {isa = PBXFileReference; fileEncoding = 4; lastKnownFileType = sourcecode.c.objc; path = FMError.m; sourceTree = "<group>"; };
		C1B095D21731A42A0075EA5E /* FMLog.m */ = {isa = PBXFileReference; fileEncoding = 4; lastKnownFileType = sourcecode.c.objc; path = FMLog.m; sourceTree = "<group>"; };
		C1B095D31731A42A0075EA5E /* FMReachability.h */ = {isa = PBXFileReference; fileEncoding = 4; lastKnownFileType = sourcecode.c.h; path = FMReachability.h; sourceTree = "<group>"; };
		C1B095D41731A42A0075EA5E /* FMReachability.m */ = {isa = PBXFileReference; fileEncoding = 4; lastKnownFileType = sourcecode.c.objc; path = FMReachability.m; sourceTree = "<group>"; };
		C1B095D51731A42A0075EA5E /* FMSession.m */ = {isa = PBXFileReference; fileEncoding = 4; lastKnownFileType = sourcecode.c.objc; path = FMSession.m; sourceTree = "<group>"; };
		C1B095D61731A42A0075EA5E /* FMStation.m */ = {isa = PBXFileReference; fileEncoding = 4; lastKnownFileType = sourcecode.c.objc; path = FMStation.m; sourceTree = "<group>"; };
		C1B11587170A273500DA8041 /* FMStationPickerViewController.h */ = {isa = PBXFileReference; fileEncoding = 4; lastKnownFileType = sourcecode.c.h; path = FMStationPickerViewController.h; sourceTree = "<group>"; };
		C1B11588170A273500DA8041 /* FMStationPickerViewController.m */ = {isa = PBXFileReference; fileEncoding = 4; lastKnownFileType = sourcecode.c.objc; path = FMStationPickerViewController.m; sourceTree = "<group>"; };
		C1B28BA9172B30BD00358AB0 /* SystemConfiguration.framework */ = {isa = PBXFileReference; lastKnownFileType = wrapper.framework; name = SystemConfiguration.framework; path = System/Library/Frameworks/SystemConfiguration.framework; sourceTree = SDKROOT; };
/* End PBXFileReference section */

/* Begin PBXFrameworksBuildPhase section */
		C138928A173C42E600467005 /* Frameworks */ = {
			isa = PBXFrameworksBuildPhase;
			buildActionMask = 2147483647;
			files = (
				C13892B4173C43FF00467005 /* AVFoundation.framework in Frameworks */,
				C13892B3173C43FA00467005 /* CoreMedia.framework in Frameworks */,
				C13892B2173C43EF00467005 /* SystemConfiguration.framework in Frameworks */,
				C138928E173C42E600467005 /* Foundation.framework in Frameworks */,
			);
			runOnlyForDeploymentPostprocessing = 0;
		};
		C1A4297216E967EB001BD576 /* Frameworks */ = {
			isa = PBXFrameworksBuildPhase;
			buildActionMask = 2147483647;
			files = (
				C1B28BAA172B30BD00358AB0 /* SystemConfiguration.framework in Frameworks */,
				C108F24C1714C5730096DF46 /* QuartzCore.framework in Frameworks */,
				C1937AB417010D4C00FED375 /* CoreMedia.framework in Frameworks */,
				C1937AB217010D2000FED375 /* AVFoundation.framework in Frameworks */,
				C1A4297916E967EB001BD576 /* UIKit.framework in Frameworks */,
				C1A4297B16E967EB001BD576 /* Foundation.framework in Frameworks */,
				C1A4297D16E967EB001BD576 /* CoreGraphics.framework in Frameworks */,
			);
			runOnlyForDeploymentPostprocessing = 0;
		};
/* End PBXFrameworksBuildPhase section */

/* Begin PBXGroup section */
		C108F23E1714BFA60096DF46 /* Resources */ = {
			isa = PBXGroup;
			children = (
				C108F23F1714BFC50096DF46 /* nexttrack.png */,
				C108F2411714BFD20096DF46 /* nexttrack@2x.png */,
				C108F2421714BFD20096DF46 /* pause.png */,
				C108F2431714BFD20096DF46 /* pause@2x.png */,
				C108F2441714BFD20096DF46 /* play.png */,
				C108F2451714BFD20096DF46 /* play@2x.png */,
			);
			name = Resources;
			sourceTree = "<group>";
		};
		C1A4296C16E967EB001BD576 = {
			isa = PBXGroup;
			children = (
				C1B28BA9172B30BD00358AB0 /* SystemConfiguration.framework */,
				C108F24B1714C5730096DF46 /* QuartzCore.framework */,
				C1937AB317010D4B00FED375 /* CoreMedia.framework */,
				C1937AB117010D2000FED375 /* AVFoundation.framework */,
				C1A4297E16E967EB001BD576 /* sdktest */,
				C1A4297716E967EB001BD576 /* Frameworks */,
				C1A4297616E967EB001BD576 /* Products */,
			);
			sourceTree = "<group>";
		};
		C1A4297616E967EB001BD576 /* Products */ = {
			isa = PBXGroup;
			children = (
				C1A4297516E967EB001BD576 /* sdktest.app */,
				C138928D173C42E600467005 /* libFeedMedia.a */,
			);
			name = Products;
			sourceTree = "<group>";
		};
		C1A4297716E967EB001BD576 /* Frameworks */ = {
			isa = PBXGroup;
			children = (
				C1A4297816E967EB001BD576 /* UIKit.framework */,
				C1A4297A16E967EB001BD576 /* Foundation.framework */,
				C1A4297C16E967EB001BD576 /* CoreGraphics.framework */,
			);
			name = Frameworks;
			sourceTree = "<group>";
		};
		C1A4297E16E967EB001BD576 /* sdktest */ = {
			isa = PBXGroup;
			children = (
				C1B095BD1731A42A0075EA5E /* Feed Media SDK */,
				C1A4298716E967EB001BD576 /* FMAppDelegate.h */,
				C1A4298816E967EB001BD576 /* FMAppDelegate.m */,
				C1B11587170A273500DA8041 /* FMStationPickerViewController.h */,
				C1B11588170A273500DA8041 /* FMStationPickerViewController.m */,
				C1319B071727532400059BB6 /* FMMetadataView.h */,
				C1319B081727532400059BB6 /* FMMetadataView.m */,
				C1A4299016E967EC001BD576 /* FMViewController.h */,
				C1A4299116E967EC001BD576 /* FMViewController.m */,
				C1A4299316E967EC001BD576 /* FMViewController.xib */,
				C108F23B1714B9EC0096DF46 /* FMProgressView.h */,
				C108F23C1714B9EC0096DF46 /* FMProgressView.m */,
				C108F23E1714BFA60096DF46 /* Resources */,
				C1A4297F16E967EB001BD576 /* Supporting Files */,
			);
			path = sdktest;
			sourceTree = "<group>";
		};
		C1A4297F16E967EB001BD576 /* Supporting Files */ = {
			isa = PBXGroup;
			children = (
				C1A4298016E967EB001BD576 /* sdktest-Info.plist */,
				C1A4298116E967EB001BD576 /* InfoPlist.strings */,
				C1A4298416E967EB001BD576 /* main.m */,
				C1A4298616E967EB001BD576 /* sdktest-Prefix.pch */,
				C1A4298A16E967EB001BD576 /* Default.png */,
				C1A4298C16E967EC001BD576 /* Default@2x.png */,
				C1A4298E16E967EC001BD576 /* Default-568h@2x.png */,
			);
			name = "Supporting Files";
			sourceTree = "<group>";
		};
		C1B095BD1731A42A0075EA5E /* Feed Media SDK */ = {
			isa = PBXGroup;
			children = (
				C1B095BE1731A42A0075EA5E /* FMAudioItem.h */,
				C1B095BF1731A42A0075EA5E /* FMAudioPlayer.h */,
				C1B095C01731A42A0075EA5E /* FMError.h */,
				C1B095C11731A42A0075EA5E /* FMLog.h */,
				C1B095C31731A42A0075EA5E /* FMStation.h */,
				C1B095C41731A42A0075EA5E /* Internal */,
			);
			path = "Feed Media SDK";
			sourceTree = "<group>";
		};
		C1B095C41731A42A0075EA5E /* Internal */ = {
			isa = PBXGroup;
			children = (
				C1B095C51731A42A0075EA5E /* FMAPIRequest.h */,
				C1B095C61731A42A0075EA5E /* FMAPIRequest.m */,
				C1B095C71731A42A0075EA5E /* FMAsset.h */,
				C1B095C81731A42A0075EA5E /* FMAsset.m */,
				C1B095C91731A42A0075EA5E /* FMAudioItem.m */,
				C1B095CA1731A42A0075EA5E /* FMAudioPlayer.m */,
				C1B095CB1731A42A0075EA5E /* FMBase64.h */,
				C1B095CC1731A42A0075EA5E /* FMBase64.m */,
				C1B095CD1731A42A0075EA5E /* FMAuth.h */,
				C1B095CE1731A42A0075EA5E /* FMAuth.m */,
				C1B095CF1731A42A0075EA5E /* FMBandwidthMonitor.h */,
				C1B095D01731A42A0075EA5E /* FMBandwidthMonitor.m */,
				C1B095D11731A42A0075EA5E /* FMError.m */,
				C1B095D21731A42A0075EA5E /* FMLog.m */,
				C1B095D31731A42A0075EA5E /* FMReachability.h */,
				C1B095D41731A42A0075EA5E /* FMReachability.m */,
				C1B095C21731A42A0075EA5E /* FMSession.h */,
				C1B095D51731A42A0075EA5E /* FMSession.m */,
				C1B095D61731A42A0075EA5E /* FMStation.m */,
			);
			path = Internal;
			sourceTree = "<group>";
		};
/* End PBXGroup section */

/* Begin PBXHeadersBuildPhase section */
		C13892A5173C439600467005 /* Headers */ = {
			isa = PBXHeadersBuildPhase;
			buildActionMask = 2147483647;
			files = (
				C13892A6173C43A100467005 /* FMAudioItem.h in Headers */,
				C13892A7173C43A300467005 /* FMAudioPlayer.h in Headers */,
				C13892A8173C43A500467005 /* FMError.h in Headers */,
				C13892A9173C43AA00467005 /* FMLog.h in Headers */,
				C13892AB173C43AF00467005 /* FMStation.h in Headers */,
			);
			runOnlyForDeploymentPostprocessing = 0;
		};
/* End PBXHeadersBuildPhase section */

/* Begin PBXNativeTarget section */
		C138928C173C42E600467005 /* FeedMedia */ = {
			isa = PBXNativeTarget;
			buildConfigurationList = C1389298173C42E600467005 /* Build configuration list for PBXNativeTarget "FeedMedia" */;
			buildPhases = (
				C1389289173C42E600467005 /* Sources */,
				C138928A173C42E600467005 /* Frameworks */,
				C13892A5173C439600467005 /* Headers */,
				C138928B173C42E600467005 /* CopyFiles */,
			);
			buildRules = (
			);
			dependencies = (
			);
			name = FeedMedia;
			productName = FeedMedia;
			productReference = C138928D173C42E600467005 /* libFeedMedia.a */;
			productType = "com.apple.product-type.library.static";
		};
		C1A4297416E967EB001BD576 /* sdktest */ = {
			isa = PBXNativeTarget;
			buildConfigurationList = C1A4299816E967EC001BD576 /* Build configuration list for PBXNativeTarget "sdktest" */;
			buildPhases = (
				C1A4297116E967EB001BD576 /* Sources */,
				C1A4297216E967EB001BD576 /* Frameworks */,
				C1A4297316E967EB001BD576 /* Resources */,
			);
			buildRules = (
			);
			dependencies = (
			);
			name = sdktest;
			productName = sdktest;
			productReference = C1A4297516E967EB001BD576 /* sdktest.app */;
			productType = "com.apple.product-type.application";
		};
/* End PBXNativeTarget section */

/* Begin PBXProject section */
		C1A4296D16E967EB001BD576 /* Project object */ = {
			isa = PBXProject;
			attributes = {
				CLASSPREFIX = FM;
				LastUpgradeCheck = 0460;
				ORGANIZATIONNAME = "Feed Media, Inc.";
			};
			buildConfigurationList = C1A4297016E967EB001BD576 /* Build configuration list for PBXProject "sdktest" */;
			compatibilityVersion = "Xcode 3.2";
			developmentRegion = English;
			hasScannedForEncodings = 0;
			knownRegions = (
				en,
			);
			mainGroup = C1A4296C16E967EB001BD576;
			productRefGroup = C1A4297616E967EB001BD576 /* Products */;
			projectDirPath = "";
			projectRoot = "";
			targets = (
				C1A4297416E967EB001BD576 /* sdktest */,
				C138928C173C42E600467005 /* FeedMedia */,
				C13892EA173C45C500467005 /* FeedMedia-universal */,
			);
		};
/* End PBXProject section */

/* Begin PBXResourcesBuildPhase section */
		C1A4297316E967EB001BD576 /* Resources */ = {
			isa = PBXResourcesBuildPhase;
			buildActionMask = 2147483647;
			files = (
				C1A4298316E967EB001BD576 /* InfoPlist.strings in Resources */,
				C1A4298B16E967EB001BD576 /* Default.png in Resources */,
				C1A4298D16E967EC001BD576 /* Default@2x.png in Resources */,
				C1A4298F16E967EC001BD576 /* Default-568h@2x.png in Resources */,
				C1A4299516E967EC001BD576 /* FMViewController.xib in Resources */,
				C108F2401714BFC50096DF46 /* nexttrack.png in Resources */,
				C108F2461714BFD30096DF46 /* nexttrack@2x.png in Resources */,
				C108F2471714BFD30096DF46 /* pause.png in Resources */,
				C108F2481714BFD30096DF46 /* pause@2x.png in Resources */,
				C108F2491714BFD30096DF46 /* play.png in Resources */,
				C108F24A1714BFD30096DF46 /* play@2x.png in Resources */,
			);
			runOnlyForDeploymentPostprocessing = 0;
		};
/* End PBXResourcesBuildPhase section */

/* Begin PBXShellScriptBuildPhase section */
		C13892EE173C45DA00467005 /* ShellScript */ = {
			isa = PBXShellScriptBuildPhase;
			buildActionMask = 2147483647;
			files = (
			);
			inputPaths = (
			);
			outputPaths = (
			);
			runOnlyForDeploymentPostprocessing = 0;
			shellPath = /bin/sh;
			shellScript = "rm -rf ${BUILT_PRODUCTS_DIR}/Release-universal/libFeedMedia.a\n\nxcodebuild -project ${PROJECT_NAME}.xcodeproj -target \"FeedMedia\" -sdk \"iphonesimulator\" -configuration \"Release\" clean build\nxcodebuild -project ${PROJECT_NAME}.xcodeproj -target \"FeedMedia\" -sdk \"iphoneos\" -configuration \"Release\" clean build\n\ncp -R \"build/Release-iphoneos/usr/local/include/\" \"build/Release-universal\"\ncp -R \"build/Release-iphoneos/usr/local/include/\" \"build/Release-iphoneos\"\ncp -R \"build/Release-iphonesimulator/usr/local/include/\" \"build/Release-iphonesimulator\"\nrm -rf \"build/Release-iphoneos/usr/\"\nrm -rf \"build/Release-iphonesimulator/usr/\"\n\nlipo -create -output \"build/Release-universal/libFeedMedia.a\" \"build/Release-iphoneos/libFeedMedia.a\" \"build/Release-iphonesimulator/libFeedMedia.a\"\n\nmv \"build/Release-iphoneos/libFeedMedia.a\" \"build/Release-iphoneos/libFeedMedia-iphoneos.a\"\nmv \"build/Release-iphonesimulator/libFeedMedia.a\" \"build/Release-iphonesimulator/libFeedMedia-iphonesimulator.a\"\n";
		};
/* End PBXShellScriptBuildPhase section */

/* Begin PBXSourcesBuildPhase section */
		C1389289173C42E600467005 /* Sources */ = {
			isa = PBXSourcesBuildPhase;
			buildActionMask = 2147483647;
			files = (
				C1389299173C432C00467005 /* FMAPIRequest.m in Sources */,
				C138929A173C432F00467005 /* FMAsset.m in Sources */,
				C138929C173C433300467005 /* FMAudioPlayer.m in Sources */,
				C138929F173C434300467005 /* FMBandwidthMonitor.m in Sources */,
				C138929E173C434100467005 /* FMAuth.m in Sources */,
				C13892A0173C434500467005 /* FMError.m in Sources */,
				C13892A3173C434B00467005 /* FMSession.m in Sources */,
				C13892A1173C434700467005 /* FMLog.m in Sources */,
				C13892A2173C434900467005 /* FMReachability.m in Sources */,
				C13892A4173C434E00467005 /* FMStation.m in Sources */,
				C138929D173C433E00467005 /* FMBase64.m in Sources */,
				C138929B173C433100467005 /* FMAudioItem.m in Sources */,
			);
			runOnlyForDeploymentPostprocessing = 0;
		};
		C1A4297116E967EB001BD576 /* Sources */ = {
			isa = PBXSourcesBuildPhase;
			buildActionMask = 2147483647;
			files = (
				C1A4298516E967EB001BD576 /* main.m in Sources */,
				C1A4298916E967EB001BD576 /* FMAppDelegate.m in Sources */,
				C1A4299216E967EC001BD576 /* FMViewController.m in Sources */,
				C1B11589170A273500DA8041 /* FMStationPickerViewController.m in Sources */,
				C108F23D1714B9EC0096DF46 /* FMProgressView.m in Sources */,
				C1319B091727532400059BB6 /* FMMetadataView.m in Sources */,
				C1B095D71731A42A0075EA5E /* FMAPIRequest.m in Sources */,
				C1B095D81731A42A0075EA5E /* FMAsset.m in Sources */,
				C1B095D91731A42A0075EA5E /* FMAudioItem.m in Sources */,
				C1B095DA1731A42A0075EA5E /* FMAudioPlayer.m in Sources */,
				C1B095DB1731A42A0075EA5E /* FMBase64.m in Sources */,
				C1B095DC1731A42A0075EA5E /* FMAuth.m in Sources */,
				C1B095DD1731A42A0075EA5E /* FMBandwidthMonitor.m in Sources */,
				C1B095DE1731A42A0075EA5E /* FMError.m in Sources */,
				C1B095DF1731A42A0075EA5E /* FMLog.m in Sources */,
				C1B095E01731A42A0075EA5E /* FMReachability.m in Sources */,
				C1B095E11731A42A0075EA5E /* FMSession.m in Sources */,
				C1B095E21731A42A0075EA5E /* FMStation.m in Sources */,
			);
			runOnlyForDeploymentPostprocessing = 0;
		};
/* End PBXSourcesBuildPhase section */

/* Begin PBXVariantGroup section */
		C1A4298116E967EB001BD576 /* InfoPlist.strings */ = {
			isa = PBXVariantGroup;
			children = (
				C1A4298216E967EB001BD576 /* en */,
			);
			name = InfoPlist.strings;
			sourceTree = "<group>";
		};
		C1A4299316E967EC001BD576 /* FMViewController.xib */ = {
			isa = PBXVariantGroup;
			children = (
				C1A4299416E967EC001BD576 /* en */,
			);
			name = FMViewController.xib;
			sourceTree = "<group>";
		};
/* End PBXVariantGroup section */

/* Begin XCBuildConfiguration section */
		C1389296173C42E600467005 /* Debug */ = {
			isa = XCBuildConfiguration;
			buildSettings = {
				DSTROOT = /tmp/FeedMedia.dst;
				GCC_PRECOMPILE_PREFIX_HEADER = YES;
				GCC_PREFIX_HEADER = "sdktest/sdktest-Prefix.pch";
				OTHER_LDFLAGS = "-ObjC";
				PRODUCT_NAME = "$(TARGET_NAME)";
				SKIP_INSTALL = YES;
			};
			name = Debug;
		};
		C1389297173C42E600467005 /* Release */ = {
			isa = XCBuildConfiguration;
			buildSettings = {
				DSTROOT = /tmp/FeedMedia.dst;
				GCC_PRECOMPILE_PREFIX_HEADER = YES;
				GCC_PREFIX_HEADER = "sdktest/sdktest-Prefix.pch";
				OTHER_LDFLAGS = "-ObjC";
				PRODUCT_NAME = "$(TARGET_NAME)";
				SKIP_INSTALL = YES;
			};
			name = Release;
		};
		C13892EC173C45C500467005 /* Debug */ = {
			isa = XCBuildConfiguration;
			buildSettings = {
				PRODUCT_NAME = "$(TARGET_NAME)";
			};
			name = Debug;
		};
		C13892ED173C45C500467005 /* Release */ = {
			isa = XCBuildConfiguration;
			buildSettings = {
				PRODUCT_NAME = "$(TARGET_NAME)";
			};
			name = Release;
		};
		C1A4299616E967EC001BD576 /* Debug */ = {
			isa = XCBuildConfiguration;
			buildSettings = {
				ALWAYS_SEARCH_USER_PATHS = NO;
				CLANG_CXX_LANGUAGE_STANDARD = "gnu++0x";
				CLANG_CXX_LIBRARY = "libc++";
				CLANG_ENABLE_OBJC_ARC = YES;
				CLANG_WARN_CONSTANT_CONVERSION = YES;
				CLANG_WARN_EMPTY_BODY = YES;
				CLANG_WARN_ENUM_CONVERSION = YES;
				CLANG_WARN_INT_CONVERSION = YES;
				CLANG_WARN__DUPLICATE_METHOD_MATCH = YES;
				"CODE_SIGN_IDENTITY[sdk=iphoneos*]" = "iPhone Developer";
				COPY_PHASE_STRIP = NO;
				GCC_C_LANGUAGE_STANDARD = gnu99;
				GCC_DYNAMIC_NO_PIC = NO;
				GCC_OPTIMIZATION_LEVEL = 0;
				GCC_PREPROCESSOR_DEFINITIONS = (
					"DEBUG=1",
					"$(inherited)",
				);
				GCC_SYMBOLS_PRIVATE_EXTERN = NO;
				GCC_WARN_ABOUT_RETURN_TYPE = YES;
				GCC_WARN_UNINITIALIZED_AUTOS = YES;
				GCC_WARN_UNUSED_VARIABLE = YES;
				IPHONEOS_DEPLOYMENT_TARGET = 5.0;
				ONLY_ACTIVE_ARCH = YES;
				SDKROOT = iphoneos;
			};
			name = Debug;
		};
		C1A4299716E967EC001BD576 /* Release */ = {
			isa = XCBuildConfiguration;
			buildSettings = {
				ALWAYS_SEARCH_USER_PATHS = NO;
				CLANG_CXX_LANGUAGE_STANDARD = "gnu++0x";
				CLANG_CXX_LIBRARY = "libc++";
				CLANG_ENABLE_OBJC_ARC = YES;
				CLANG_WARN_CONSTANT_CONVERSION = YES;
				CLANG_WARN_EMPTY_BODY = YES;
				CLANG_WARN_ENUM_CONVERSION = YES;
				CLANG_WARN_INT_CONVERSION = YES;
				CLANG_WARN__DUPLICATE_METHOD_MATCH = YES;
				"CODE_SIGN_IDENTITY[sdk=iphoneos*]" = "iPhone Developer";
				COPY_PHASE_STRIP = YES;
				GCC_C_LANGUAGE_STANDARD = gnu99;
				GCC_WARN_ABOUT_RETURN_TYPE = YES;
				GCC_WARN_UNINITIALIZED_AUTOS = YES;
				GCC_WARN_UNUSED_VARIABLE = YES;
				IPHONEOS_DEPLOYMENT_TARGET = 5.0;
				OTHER_CFLAGS = "-DNS_BLOCK_ASSERTIONS=1";
				SDKROOT = iphoneos;
				VALIDATE_PRODUCT = YES;
			};
			name = Release;
		};
		C1A4299916E967EC001BD576 /* Debug */ = {
			isa = XCBuildConfiguration;
			buildSettings = {
				GCC_PRECOMPILE_PREFIX_HEADER = YES;
				GCC_PREFIX_HEADER = "sdktest/sdktest-Prefix.pch";
				INFOPLIST_FILE = "sdktest/sdktest-Info.plist";
				PRODUCT_NAME = "$(TARGET_NAME)";
				WRAPPER_EXTENSION = app;
			};
			name = Debug;
		};
		C1A4299A16E967EC001BD576 /* Release */ = {
			isa = XCBuildConfiguration;
			buildSettings = {
				GCC_PRECOMPILE_PREFIX_HEADER = YES;
				GCC_PREFIX_HEADER = "sdktest/sdktest-Prefix.pch";
				INFOPLIST_FILE = "sdktest/sdktest-Info.plist";
				PRODUCT_NAME = "$(TARGET_NAME)";
				WRAPPER_EXTENSION = app;
			};
			name = Release;
		};
/* End XCBuildConfiguration section */

/* Begin XCConfigurationList section */
		C1389298173C42E600467005 /* Build configuration list for PBXNativeTarget "FeedMedia" */ = {
			isa = XCConfigurationList;
			buildConfigurations = (
				C1389296173C42E600467005 /* Debug */,
				C1389297173C42E600467005 /* Release */,
			);
			defaultConfigurationIsVisible = 0;
			defaultConfigurationName = Release;
		};
		C13892EB173C45C500467005 /* Build configuration list for PBXAggregateTarget "FeedMedia-universal" */ = {
			isa = XCConfigurationList;
			buildConfigurations = (
				C13892EC173C45C500467005 /* Debug */,
				C13892ED173C45C500467005 /* Release */,
			);
			defaultConfigurationIsVisible = 0;
			defaultConfigurationName = Release;
		};
		C1A4297016E967EB001BD576 /* Build configuration list for PBXProject "sdktest" */ = {
			isa = XCConfigurationList;
			buildConfigurations = (
				C1A4299616E967EC001BD576 /* Debug */,
				C1A4299716E967EC001BD576 /* Release */,
			);
			defaultConfigurationIsVisible = 0;
			defaultConfigurationName = Release;
		};
		C1A4299816E967EC001BD576 /* Build configuration list for PBXNativeTarget "sdktest" */ = {
			isa = XCConfigurationList;
			buildConfigurations = (
				C1A4299916E967EC001BD576 /* Debug */,
				C1A4299A16E967EC001BD576 /* Release */,
			);
			defaultConfigurationIsVisible = 0;
			defaultConfigurationName = Release;
		};
/* End XCConfigurationList section */
	};
	rootObject = C1A4296D16E967EB001BD576 /* Project object */;
}
